
Microsoft Visual Studio Solution File, Format Version 11.00
# Visual Studio 2010
Project("{FAE04EC0-301F-11D3-BF4B-00C04F79EFBC}") = "NetworkMonitorApplication", "NetworkMonitorApplication\NetworkMonitorApplication.csproj", "{1B64CC3F-9B0D-4B14-804F-EA8F957D052E}"
EndProject
Project("{FAE04EC0-301F-11D3-BF4B-00C04F79EFBC}") = "NetworkMonitor", "NetworkMonitor\NetworkMonitor.csproj", "{31E0FF4D-16EC-4FBA-BB74-9BD1298A82FC}"
EndProject
Project("{FAE04EC0-301F-11D3-BF4B-00C04F79EFBC}") = "NetworkMonitorTest", "NetworkMonitorTest\NetworkMonitorTest.csproj", "{80726673-764D-4AB9-AD11-80743A42A7E2}"
EndProject
Global
	GlobalSection(SolutionConfigurationPlatforms) = preSolution
		Debug|Any CPU = Debug|Any CPU
		Debug|Mixed Platforms = Debug|Mixed Platforms
		Debug|x86 = Debug|x86
		Release|Any CPU = Release|Any CPU
		Release|Mixed Platforms = Release|Mixed Platforms
		Release|x86 = Release|x86
	EndGlobalSection
	GlobalSection(ProjectConfigurationPlatforms) = postSolution
		{1B64CC3F-9B0D-4B14-804F-EA8F957D052E}.Debug|Any CPU.ActiveCfg = Debug|x86
		{1B64CC3F-9B0D-4B14-804F-EA8F957D052E}.Debug|Mixed Platforms.ActiveCfg = Debug|x86
		{1B64CC3F-9B0D-4B14-804F-EA8F957D052E}.Debug|Mixed Platforms.Build.0 = Debug|x86
		{1B64CC3F-9B0D-4B14-804F-EA8F957D052E}.Debug|x86.ActiveCfg = Debug|x86
		{1B64CC3F-9B0D-4B14-804F-EA8F957D052E}.Debug|x86.Build.0 = Debug|x86
		{1B64CC3F-9B0D-4B14-804F-EA8F957D052E}.Release|Any CPU.ActiveCfg = Release|x86
		{1B64CC3F-9B0D-4B14-804F-EA8F957D052E}.Release|Mixed Platforms.ActiveCfg = Release|x86
		{1B64CC3F-9B0D-4B14-804F-EA8F957D052E}.Release|Mixed Platforms.Build.0 = Release|x86
		{1B64CC3F-9B0D-4B14-804F-EA8F957D052E}.Release|x86.ActiveCfg = Release|x86
		{1B64CC3F-9B0D-4B14-804F-EA8F957D052E}.Release|x86.Build.0 = Release|x86
		{31E0FF4D-16EC-4FBA-BB74-9BD1298A82FC}.Debug|Any CPU.ActiveCfg = Debug|Any CPU
		{31E0FF4D-16EC-4FBA-BB74-9BD1298A82FC}.Debug|Any CPU.Build.0 = Debug|Any CPU
		{31E0FF4D-16EC-4FBA-BB74-9BD1298A82FC}.Debug|Mixed Platforms.ActiveCfg = Debug|Any CPU
		{31E0FF4D-16EC-4FBA-BB74-9BD1298A82FC}.Debug|Mixed Platforms.Build.0 = Debug|Any CPU
		{31E0FF4D-16EC-4FBA-BB74-9BD1298A82FC}.Debug|x86.ActiveCfg = Debug|Any CPU
		{31E0FF4D-16EC-4FBA-BB74-9BD1298A82FC}.Release|Any CPU.ActiveCfg = Release|Any CPU
		{31E0FF4D-16EC-4FBA-BB74-9BD1298A82FC}.Release|Any CPU.Build.0 = Release|Any CPU
		{31E0FF4D-16EC-4FBA-BB74-9BD1298A82FC}.Release|Mixed Platforms.ActiveCfg = Release|Any CPU
		{31E0FF4D-16EC-4FBA-BB74-9BD1298A82FC}.Release|Mixed Platforms.Build.0 = Release|Any CPU
		{31E0FF4D-16EC-4FBA-BB74-9BD1298A82FC}.Release|x86.ActiveCfg = Release|Any CPU
		{80726673-764D-4AB9-AD11-80743A42A7E2}.Debug|Any CPU.ActiveCfg = Debug|x86
		{80726673-764D-4AB9-AD11-80743A42A7E2}.Debug|Mixed Platforms.ActiveCfg = Debug|x86
		{80726673-764D-4AB9-AD11-80743A42A7E2}.Debug|Mixed Platforms.Build.0 = Debug|x86
		{80726673-764D-4AB9-AD11-80743A42A7E2}.Debug|x86.ActiveCfg = Debug|x86
		{80726673-764D-4AB9-AD11-80743A42A7E2}.Debug|x86.Build.0 = Debug|x86
		{80726673-764D-4AB9-AD11-80743A42A7E2}.Release|Any CPU.ActiveCfg = Release|x86
		{80726673-764D-4AB9-AD11-80743A42A7E2}.Release|Mixed Platforms.ActiveCfg = Release|x86
		{80726673-764D-4AB9-AD11-80743A42A7E2}.Release|Mixed Platforms.Build.0 = Release|x86
		{80726673-764D-4AB9-AD11-80743A42A7E2}.Release|x86.ActiveCfg = Release|x86
		{80726673-764D-4AB9-AD11-80743A42A7E2}.Release|x86.Build.0 = Release|x86
	EndGlobalSection
	GlobalSection(SolutionProperties) = preSolution
		HideSolutionNode = FALSE
	EndGlobalSection
EndGlobal
